
Microsoft Visual Studio Solution File, Format Version 12.00
# Visual Studio Version 17
VisualStudioVersion = 17.9.34616.47
MinimumVisualStudioVersion = 10.0.40219.1
Project("{9A19103F-16F7-4668-BE54-9A1E7A4F7556}") = "MaterialDemo", "MaterialDemo.csproj", "{EB38C2C8-9101-4B2E-81F0-EE17ACF2955D}"
EndProject
Project("{D954291E-2A0B-460D-934E-DC6B0785DB48}") = "HI", "..\HI\HI.shproj", "{7429370E-CE3F-4D04-904C-433D869F8C35}"
EndProject
Project("{FAE04EC0-301F-11D3-BF4B-00C04F79EFBC}") = "ConsoleApp1", "..\ConsoleApp1\ConsoleApp1.csproj", "{E5D95782-913A-42F8-A842-025D66A9D92C}"
EndProject
Global
	GlobalSection(SolutionConfigurationPlatforms) = preSolution
		Debug|Any CPU = Debug|Any CPU
		Debug|ARM = Debug|ARM
		Debug|ARM64 = Debug|ARM64
		Debug|x64 = Debug|x64
		Debug|x86 = Debug|x86
		Release|Any CPU = Release|Any CPU
		Release|ARM = Release|ARM
		Release|ARM64 = Release|ARM64
		Release|x64 = Release|x64
		Release|x86 = Release|x86
	EndGlobalSection
	GlobalSection(ProjectConfigurationPlatforms) = postSolution
		{EB38C2C8-9101-4B2E-81F0-EE17ACF2955D}.Debug|Any CPU.ActiveCfg = Debug|Any CPU
		{EB38C2C8-9101-4B2E-81F0-EE17ACF2955D}.Debug|Any CPU.Build.0 = Debug|Any CPU
		{EB38C2C8-9101-4B2E-81F0-EE17ACF2955D}.Debug|ARM.ActiveCfg = Debug|Any CPU
		{EB38C2C8-9101-4B2E-81F0-EE17ACF2955D}.Debug|ARM.Build.0 = Debug|Any CPU
		{EB38C2C8-9101-4B2E-81F0-EE17ACF2955D}.Debug|ARM64.ActiveCfg = Debug|Any CPU
		{EB38C2C8-9101-4B2E-81F0-EE17ACF2955D}.Debug|ARM64.Build.0 = Debug|Any CPU
		{EB38C2C8-9101-4B2E-81F0-EE17ACF2955D}.Debug|x64.ActiveCfg = Debug|Any CPU
		{EB38C2C8-9101-4B2E-81F0-EE17ACF2955D}.Debug|x64.Build.0 = Debug|Any CPU
		{EB38C2C8-9101-4B2E-81F0-EE17ACF2955D}.Debug|x86.ActiveCfg = Debug|Any CPU
		{EB38C2C8-9101-4B2E-81F0-EE17ACF2955D}.Debug|x86.Build.0 = Debug|Any CPU
		{EB38C2C8-9101-4B2E-81F0-EE17ACF2955D}.Release|Any CPU.ActiveCfg = Release|Any CPU
		{EB38C2C8-9101-4B2E-81F0-EE17ACF2955D}.Release|Any CPU.Build.0 = Release|Any CPU
		{EB38C2C8-9101-4B2E-81F0-EE17ACF2955D}.Release|ARM.ActiveCfg = Release|Any CPU
		{EB38C2C8-9101-4B2E-81F0-EE17ACF2955D}.Release|ARM.Build.0 = Release|Any CPU
		{EB38C2C8-9101-4B2E-81F0-EE17ACF2955D}.Release|ARM64.ActiveCfg = Release|Any CPU
		{EB38C2C8-9101-4B2E-81F0-EE17ACF2955D}.Release|ARM64.Build.0 = Release|Any CPU
		{EB38C2C8-9101-4B2E-81F0-EE17ACF2955D}.Release|x64.ActiveCfg = Release|Any CPU
		{EB38C2C8-9101-4B2E-81F0-EE17ACF2955D}.Release|x64.Build.0 = Release|Any CPU
		{EB38C2C8-9101-4B2E-81F0-EE17ACF2955D}.Release|x86.ActiveCfg = Release|Any CPU
		{EB38C2C8-9101-4B2E-81F0-EE17ACF2955D}.Release|x86.Build.0 = Release|Any CPU
		{E5D95782-913A-42F8-A842-025D66A9D92C}.Debug|Any CPU.ActiveCfg = Debug|Any CPU
		{E5D95782-913A-42F8-A842-025D66A9D92C}.Debug|Any CPU.Build.0 = Debug|Any CPU
		{E5D95782-913A-42F8-A842-025D66A9D92C}.Debug|ARM.ActiveCfg = Debug|Any CPU
		{E5D95782-913A-42F8-A842-025D66A9D92C}.Debug|ARM.Build.0 = Debug|Any CPU
		{E5D95782-913A-42F8-A842-025D66A9D92C}.Debug|ARM64.ActiveCfg = Debug|Any CPU
		{E5D95782-913A-42F8-A842-025D66A9D92C}.Debug|ARM64.Build.0 = Debug|Any CPU
		{E5D95782-913A-42F8-A842-025D66A9D92C}.Debug|x64.ActiveCfg = Debug|Any CPU
		{E5D95782-913A-42F8-A842-025D66A9D92C}.Debug|x64.Build.0 = Debug|Any CPU
		{E5D95782-913A-42F8-A842-025D66A9D92C}.Debug|x86.ActiveCfg = Debug|Any CPU
		{E5D95782-913A-42F8-A842-025D66A9D92C}.Debug|x86.Build.0 = Debug|Any CPU
		{E5D95782-913A-42F8-A842-025D66A9D92C}.Release|Any CPU.ActiveCfg = Release|Any CPU
		{E5D95782-913A-42F8-A842-025D66A9D92C}.Release|Any CPU.Build.0 = Release|Any CPU
		{E5D95782-913A-42F8-A842-025D66A9D92C}.Release|ARM.ActiveCfg = Release|Any CPU
		{E5D95782-913A-42F8-A842-025D66A9D92C}.Release|ARM.Build.0 = Release|Any CPU
		{E5D95782-913A-42F8-A842-025D66A9D92C}.Release|ARM64.ActiveCfg = Release|Any CPU
		{E5D95782-913A-42F8-A842-025D66A9D92C}.Release|ARM64.Build.0 = Release|Any CPU
		{E5D95782-913A-42F8-A842-025D66A9D92C}.Release|x64.ActiveCfg = Release|Any CPU
		{E5D95782-913A-42F8-A842-025D66A9D92C}.Release|x64.Build.0 = Release|Any CPU
		{E5D95782-913A-42F8-A842-025D66A9D92C}.Release|x86.ActiveCfg = Release|Any CPU
		{E5D95782-913A-42F8-A842-025D66A9D92C}.Release|x86.Build.0 = Release|Any CPU
	EndGlobalSection
	GlobalSection(SolutionProperties) = preSolution
		HideSolutionNode = FALSE
	EndGlobalSection
	GlobalSection(ExtensibilityGlobals) = postSolution
		SolutionGuid = {ED0A6FF5-DF80-45E8-8D4E-A4CB4E6D78DD}
	EndGlobalSection
	GlobalSection(SharedMSBuildProjectFiles) = preSolution
		..\HI\HI.projitems*{7429370e-ce3f-4d04-904c-433d869f8c35}*SharedItemsImports = 13
		..\HI\HI.projitems*{eb38c2c8-9101-4b2e-81f0-ee17acf2955d}*SharedItemsImports = 5
	EndGlobalSection
EndGlobal
